
Microsoft Visual Studio Solution File, Format Version 12.00
# Visual Studio Version 17
VisualStudioVersion = 17.0.31919.166
MinimumVisualStudioVersion = 10.0.40219.1
Project("{FAE04EC0-301F-11D3-BF4B-00C04F79EFBC}") = "CanonAutomation", "CanonAutomation\CanonAutomation.csproj", "{A948AE44-6311-433A-A47E-F6AC4F9E4E4E}"
EndProject
Global
	GlobalSection(SolutionConfigurationPlatforms) = preSolution
		Debug|Any CPU = Debug|Any CPU
		Release|Any CPU = Release|Any CPU
	EndGlobalSection
	GlobalSection(ProjectConfigurationPlatforms) = postSolution
		{A948AE44-6311-433A-A47E-F6AC4F9E4E4E}.Debug|Any CPU.ActiveCfg = Debug|Any CPU
		{A948AE44-6311-433A-A47E-F6AC4F9E4E4E}.Debug|Any CPU.Build.0 = Debug|Any CPU
		{A948AE44-6311-433A-A47E-F6AC4F9E4E4E}.Release|Any CPU.ActiveCfg = Release|Any CPU
		{A948AE44-6311-433A-A47E-F6AC4F9E4E4E}.Release|Any CPU.Build.0 = Release|Any CPU
	EndGlobalSection
	GlobalSection(SolutionProperties) = preSolution
		HideSolutionNode = FALSE
	EndGlobalSection
	GlobalSection(ExtensibilityGlobals) = postSolution
		SolutionGuid = {42A725F8-1490-40EF-B11B-46233DC7A0A0}
	EndGlobalSection
EndGlobal
